
Microsoft Visual Studio Solution File, Format Version 12.00
# Visual Studio 15
VisualStudioVersion = 15.0.27130.2027
MinimumVisualStudioVersion = 10.0.40219.1
Project("{E24C65DC-7377-472B-9ABA-BC803B73C61A}") = "Tnix", "Tnix\", "{BB3CB1A3-1DD5-471D-8E27-24E7F12EE292}"
	ProjectSection(WebsiteProperties) = preProject
		TargetFrameworkMoniker = ".NETFramework,Version%3Dv4.7"
		Debug.AspNetCompiler.VirtualPath = "/localhost_50621"
		Debug.AspNetCompiler.PhysicalPath = "Tnix\"
		Debug.AspNetCompiler.TargetPath = "PrecompiledWeb\localhost_50621\"
		Debug.AspNetCompiler.Updateable = "true"
		Debug.AspNetCompiler.ForceOverwrite = "true"
		Debug.AspNetCompiler.FixedNames = "false"
		Debug.AspNetCompiler.Debug = "True"
		Release.AspNetCompiler.VirtualPath = "/localhost_50621"
		Release.AspNetCompiler.PhysicalPath = "Tnix\"
		Release.AspNetCompiler.TargetPath = "PrecompiledWeb\localhost_50621\"
		Release.AspNetCompiler.Updateable = "true"
		Release.AspNetCompiler.ForceOverwrite = "true"
		Release.AspNetCompiler.FixedNames = "false"
		Release.AspNetCompiler.Debug = "False"
		VWDPort = "50621"
		SlnRelativePath = "Tnix\"
		DefaultWebSiteLanguage = "Visual C#"
	EndProjectSection
EndProject
Project("{FAE04EC0-301F-11D3-BF4B-00C04F79EFBC}") = "Tnix.Domain", "Tnix.Domain\Tnix.Domain.csproj", "{09BC4EEB-BC2F-4681-9E57-7EEE67B13952}"
EndProject
Project("{FAE04EC0-301F-11D3-BF4B-00C04F79EFBC}") = "Tnix.Services", "Tnix.Services\Tnix.Services.csproj", "{610D69FF-83A1-46E2-896D-63E7DBB0AB70}"
EndProject
Project("{FAE04EC0-301F-11D3-BF4B-00C04F79EFBC}") = "Tnix.Dto", "Tnix.Dto\Tnix.Dto.csproj", "{CE94421A-7E95-4339-9290-532D7622707E}"
EndProject
Project("{FAE04EC0-301F-11D3-BF4B-00C04F79EFBC}") = "Tnix.DataAccess", "Tnix.DataAccess\Tnix.DataAccess.csproj", "{C5CF3637-760E-4274-9214-07C3FFAFF795}"
EndProject
Project("{FAE04EC0-301F-11D3-BF4B-00C04F79EFBC}") = "Tnix.API", "Tnix.API\Tnix.API.csproj", "{0B1098C0-72C9-48F6-B628-DBE61E2169D1}"
EndProject
Global
	GlobalSection(SolutionConfigurationPlatforms) = preSolution
		Debug|Any CPU = Debug|Any CPU
		Release|Any CPU = Release|Any CPU
	EndGlobalSection
	GlobalSection(ProjectConfigurationPlatforms) = postSolution
		{BB3CB1A3-1DD5-471D-8E27-24E7F12EE292}.Debug|Any CPU.ActiveCfg = Debug|Any CPU
		{BB3CB1A3-1DD5-471D-8E27-24E7F12EE292}.Debug|Any CPU.Build.0 = Debug|Any CPU
		{BB3CB1A3-1DD5-471D-8E27-24E7F12EE292}.Release|Any CPU.ActiveCfg = Debug|Any CPU
		{BB3CB1A3-1DD5-471D-8E27-24E7F12EE292}.Release|Any CPU.Build.0 = Debug|Any CPU
		{09BC4EEB-BC2F-4681-9E57-7EEE67B13952}.Debug|Any CPU.ActiveCfg = Debug|Any CPU
		{09BC4EEB-BC2F-4681-9E57-7EEE67B13952}.Debug|Any CPU.Build.0 = Debug|Any CPU
		{09BC4EEB-BC2F-4681-9E57-7EEE67B13952}.Release|Any CPU.ActiveCfg = Release|Any CPU
		{09BC4EEB-BC2F-4681-9E57-7EEE67B13952}.Release|Any CPU.Build.0 = Release|Any CPU
		{610D69FF-83A1-46E2-896D-63E7DBB0AB70}.Debug|Any CPU.ActiveCfg = Debug|Any CPU
		{610D69FF-83A1-46E2-896D-63E7DBB0AB70}.Debug|Any CPU.Build.0 = Debug|Any CPU
		{610D69FF-83A1-46E2-896D-63E7DBB0AB70}.Release|Any CPU.ActiveCfg = Release|Any CPU
		{610D69FF-83A1-46E2-896D-63E7DBB0AB70}.Release|Any CPU.Build.0 = Release|Any CPU
		{CE94421A-7E95-4339-9290-532D7622707E}.Debug|Any CPU.ActiveCfg = Debug|Any CPU
		{CE94421A-7E95-4339-9290-532D7622707E}.Debug|Any CPU.Build.0 = Debug|Any CPU
		{CE94421A-7E95-4339-9290-532D7622707E}.Release|Any CPU.ActiveCfg = Release|Any CPU
		{CE94421A-7E95-4339-9290-532D7622707E}.Release|Any CPU.Build.0 = Release|Any CPU
		{C5CF3637-760E-4274-9214-07C3FFAFF795}.Debug|Any CPU.ActiveCfg = Debug|Any CPU
		{C5CF3637-760E-4274-9214-07C3FFAFF795}.Debug|Any CPU.Build.0 = Debug|Any CPU
		{C5CF3637-760E-4274-9214-07C3FFAFF795}.Release|Any CPU.ActiveCfg = Release|Any CPU
		{C5CF3637-760E-4274-9214-07C3FFAFF795}.Release|Any CPU.Build.0 = Release|Any CPU
		{0B1098C0-72C9-48F6-B628-DBE61E2169D1}.Debug|Any CPU.ActiveCfg = Debug|Any CPU
		{0B1098C0-72C9-48F6-B628-DBE61E2169D1}.Debug|Any CPU.Build.0 = Debug|Any CPU
		{0B1098C0-72C9-48F6-B628-DBE61E2169D1}.Release|Any CPU.ActiveCfg = Release|Any CPU
		{0B1098C0-72C9-48F6-B628-DBE61E2169D1}.Release|Any CPU.Build.0 = Release|Any CPU
	EndGlobalSection
	GlobalSection(SolutionProperties) = preSolution
		HideSolutionNode = FALSE
	EndGlobalSection
	GlobalSection(ExtensibilityGlobals) = postSolution
		SolutionGuid = {B4CD4DF3-B9A1-45B0-A957-C5A417EECD5C}
	EndGlobalSection
EndGlobal
